// !$*UTF8*$!
{
	archiveVersion = 1;
	classes = {
	};
	objectVersion = 56;
	objects = {

/* Begin PBXBuildFile section */
		ADB4719128F69615005F8AA5 /* AppDelegate.swift in Sources */ = {isa = PBXBuildFile; fileRef = ADB4719028F69615005F8AA5 /* AppDelegate.swift */; };
		ADB4719328F69615005F8AA5 /* SceneDelegate.swift in Sources */ = {isa = PBXBuildFile; fileRef = ADB4719228F69615005F8AA5 /* SceneDelegate.swift */; };
		ADB4719528F69615005F8AA5 /* ViewController.swift in Sources */ = {isa = PBXBuildFile; fileRef = ADB4719428F69615005F8AA5 /* ViewController.swift */; };
		ADB4719828F69615005F8AA5 /* Main.storyboard in Resources */ = {isa = PBXBuildFile; fileRef = ADB4719628F69615005F8AA5 /* Main.storyboard */; };
		ADB4719B28F69615005F8AA5 /* WeatherAppNational.xcdatamodeld in Sources */ = {isa = PBXBuildFile; fileRef = ADB4719928F69615005F8AA5 /* WeatherAppNational.xcdatamodeld */; };
		ADB4719D28F69616005F8AA5 /* Assets.xcassets in Resources */ = {isa = PBXBuildFile; fileRef = ADB4719C28F69616005F8AA5 /* Assets.xcassets */; };
		ADB471A028F69616005F8AA5 /* LaunchScreen.storyboard in Resources */ = {isa = PBXBuildFile; fileRef = ADB4719E28F69616005F8AA5 /* LaunchScreen.storyboard */; };
		ADB471AB28F705BF005F8AA5 /* WeatherData.swift in Sources */ = {isa = PBXBuildFile; fileRef = ADB471AA28F705BF005F8AA5 /* WeatherData.swift */; };
		ADB471AD28F8006B005F8AA5 /* WeatherDataManager.swift in Sources */ = {isa = PBXBuildFile; fileRef = ADB471AC28F8006A005F8AA5 /* WeatherDataManager.swift */; };
/* End PBXBuildFile section */

/* Begin PBXFileReference section */
		ADB4718D28F69615005F8AA5 /* WeatherAppNational.app */ = {isa = PBXFileReference; explicitFileType = wrapper.application; includeInIndex = 0; path = WeatherAppNational.app; sourceTree = BUILT_PRODUCTS_DIR; };
		ADB4719028F69615005F8AA5 /* AppDelegate.swift */ = {isa = PBXFileReference; lastKnownFileType = sourcecode.swift; path = AppDelegate.swift; sourceTree = "<group>"; };
		ADB4719228F69615005F8AA5 /* SceneDelegate.swift */ = {isa = PBXFileReference; lastKnownFileType = sourcecode.swift; path = SceneDelegate.swift; sourceTree = "<group>"; };
		ADB4719428F69615005F8AA5 /* ViewController.swift */ = {isa = PBXFileReference; lastKnownFileType = sourcecode.swift; path = ViewController.swift; sourceTree = "<group>"; };
		ADB4719728F69615005F8AA5 /* Base */ = {isa = PBXFileReference; lastKnownFileType = file.storyboard; name = Base; path = Base.lproj/Main.storyboard; sourceTree = "<group>"; };
		ADB4719A28F69615005F8AA5 /* WeatherAppNational.xcdatamodel */ = {isa = PBXFileReference; lastKnownFileType = wrapper.xcdatamodel; path = WeatherAppNational.xcdatamodel; sourceTree = "<group>"; };
		ADB4719C28F69616005F8AA5 /* Assets.xcassets */ = {isa = PBXFileReference; lastKnownFileType = folder.assetcatalog; path = Assets.xcassets; sourceTree = "<group>"; };
		ADB4719F28F69616005F8AA5 /* Base */ = {isa = PBXFileReference; lastKnownFileType = file.storyboard; name = Base; path = Base.lproj/LaunchScreen.storyboard; sourceTree = "<group>"; };
		ADB471A128F69616005F8AA5 /* Info.plist */ = {isa = PBXFileReference; lastKnownFileType = text.plist.xml; path = Info.plist; sourceTree = "<group>"; };
		ADB471AA28F705BF005F8AA5 /* WeatherData.swift */ = {isa = PBXFileReference; lastKnownFileType = sourcecode.swift; path = WeatherData.swift; sourceTree = "<group>"; };
		ADB471AC28F8006A005F8AA5 /* WeatherDataManager.swift */ = {isa = PBXFileReference; lastKnownFileType = sourcecode.swift; path = WeatherDataManager.swift; sourceTree = "<group>"; };
/* End PBXFileReference section */

/* Begin PBXFrameworksBuildPhase section */
		ADB4718A28F69615005F8AA5 /* Frameworks */ = {
			isa = PBXFrameworksBuildPhase;
			buildActionMask = 2147483647;
			files = (
			);
			runOnlyForDeploymentPostprocessing = 0;
		};
/* End PBXFrameworksBuildPhase section */

/* Begin PBXGroup section */
		ADB4718428F69615005F8AA5 = {
			isa = PBXGroup;
			children = (
				ADB4718F28F69615005F8AA5 /* WeatherAppNational */,
				ADB4718E28F69615005F8AA5 /* Products */,
			);
			sourceTree = "<group>";
		};
		ADB4718E28F69615005F8AA5 /* Products */ = {
			isa = PBXGroup;
			children = (
				ADB4718D28F69615005F8AA5 /* WeatherAppNational.app */,
			);
			name = Products;
			sourceTree = "<group>";
		};
		ADB4718F28F69615005F8AA5 /* WeatherAppNational */ = {
			isa = PBXGroup;
			children = (
				ADB4719028F69615005F8AA5 /* AppDelegate.swift */,
				ADB4719228F69615005F8AA5 /* SceneDelegate.swift */,
				ADB471A928F69640005F8AA5 /* Models */,
				ADB471A828F69635005F8AA5 /* Views */,
				ADB471A728F6962A005F8AA5 /* Controllers */,
				ADB4719628F69615005F8AA5 /* Main.storyboard */,
				ADB4719E28F69616005F8AA5 /* LaunchScreen.storyboard */,
				ADB4719C28F69616005F8AA5 /* Assets.xcassets */,
				ADB471A128F69616005F8AA5 /* Info.plist */,
				ADB4719928F69615005F8AA5 /* WeatherAppNational.xcdatamodeld */,
			);
			path = WeatherAppNational;
			sourceTree = "<group>";
		};
		ADB471A728F6962A005F8AA5 /* Controllers */ = {
			isa = PBXGroup;
			children = (
				ADB4719428F69615005F8AA5 /* ViewController.swift */,
			);
			path = Controllers;
			sourceTree = "<group>";
		};
		ADB471A828F69635005F8AA5 /* Views */ = {
			isa = PBXGroup;
			children = (
			);
			path = Views;
			sourceTree = "<group>";
		};
		ADB471A928F69640005F8AA5 /* Models */ = {
			isa = PBXGroup;
			children = (
				ADB471AA28F705BF005F8AA5 /* WeatherData.swift */,
				ADB471AC28F8006A005F8AA5 /* WeatherDataManager.swift */,
			);
			path = Models;
			sourceTree = "<group>";
		};
/* End PBXGroup section */

/* Begin PBXNativeTarget section */
		ADB4718C28F69615005F8AA5 /* WeatherAppNational */ = {
			isa = PBXNativeTarget;
			buildConfigurationList = ADB471A428F69616005F8AA5 /* Build configuration list for PBXNativeTarget "WeatherAppNational" */;
			buildPhases = (
				ADB4718928F69615005F8AA5 /* Sources */,
				ADB4718A28F69615005F8AA5 /* Frameworks */,
				ADB4718B28F69615005F8AA5 /* Resources */,
			);
			buildRules = (
			);
			dependencies = (
			);
			name = WeatherAppNational;
			productName = WeatherAppNational;
			productReference = ADB4718D28F69615005F8AA5 /* WeatherAppNational.app */;
			productType = "com.apple.product-type.application";
		};
/* End PBXNativeTarget section */

/* Begin PBXProject section */
		ADB4718528F69615005F8AA5 /* Project object */ = {
			isa = PBXProject;
			attributes = {
				BuildIndependentTargetsInParallel = 1;
				LastSwiftUpdateCheck = 1400;
				LastUpgradeCheck = 1400;
				TargetAttributes = {
					ADB4718C28F69615005F8AA5 = {
						CreatedOnToolsVersion = 14.0.1;
					};
				};
			};
			buildConfigurationList = ADB4718828F69615005F8AA5 /* Build configuration list for PBXProject "WeatherAppNational" */;
			compatibilityVersion = "Xcode 14.0";
			developmentRegion = en;
			hasScannedForEncodings = 0;
			knownRegions = (
				en,
				Base,
			);
			mainGroup = ADB4718428F69615005F8AA5;
			productRefGroup = ADB4718E28F69615005F8AA5 /* Products */;
			projectDirPath = "";
			projectRoot = "";
			targets = (
				ADB4718C28F69615005F8AA5 /* WeatherAppNational */,
			);
		};
/* End PBXProject section */

/* Begin PBXResourcesBuildPhase section */
		ADB4718B28F69615005F8AA5 /* Resources */ = {
			isa = PBXResourcesBuildPhase;
			buildActionMask = 2147483647;
			files = (
				ADB471A028F69616005F8AA5 /* LaunchScreen.storyboard in Resources */,
				ADB4719D28F69616005F8AA5 /* Assets.xcassets in Resources */,
				ADB4719828F69615005F8AA5 /* Main.storyboard in Resources */,
			);
			runOnlyForDeploymentPostprocessing = 0;
		};
/* End PBXResourcesBuildPhase section */

/* Begin PBXSourcesBuildPhase section */
		ADB4718928F69615005F8AA5 /* Sources */ = {
			isa = PBXSourcesBuildPhase;
			buildActionMask = 2147483647;
			files = (
				ADB471AD28F8006B005F8AA5 /* WeatherDataManager.swift in Sources */,
				ADB4719528F69615005F8AA5 /* ViewController.swift in Sources */,
				ADB471AB28F705BF005F8AA5 /* WeatherData.swift in Sources */,
				ADB4719128F69615005F8AA5 /* AppDelegate.swift in Sources */,
				ADB4719B28F69615005F8AA5 /* WeatherAppNational.xcdatamodeld in Sources */,
				ADB4719328F69615005F8AA5 /* SceneDelegate.swift in Sources */,
			);
			runOnlyForDeploymentPostprocessing = 0;
		};
/* End PBXSourcesBuildPhase section */

/* Begin PBXVariantGroup section */
		ADB4719628F69615005F8AA5 /* Main.storyboard */ = {
			isa = PBXVariantGroup;
			children = (
				ADB4719728F69615005F8AA5 /* Base */,
			);
			name = Main.storyboard;
			sourceTree = "<group>";
		};
		ADB4719E28F69616005F8AA5 /* LaunchScreen.storyboard */ = {
			isa = PBXVariantGroup;
			children = (
				ADB4719F28F69616005F8AA5 /* Base */,
			);
			name = LaunchScreen.storyboard;
			sourceTree = "<group>";
		};
/* End PBXVariantGroup section */

/* Begin XCBuildConfiguration section */
		ADB471A228F69616005F8AA5 /* Debug */ = {
			isa = XCBuildConfiguration;
			buildSettings = {
				ALWAYS_SEARCH_USER_PATHS = NO;
				CLANG_ANALYZER_NONNULL = YES;
				CLANG_ANALYZER_NUMBER_OBJECT_CONVERSION = YES_AGGRESSIVE;
				CLANG_CXX_LANGUAGE_STANDARD = "gnu++20";
				CLANG_ENABLE_MODULES = YES;
				CLANG_ENABLE_OBJC_ARC = YES;
				CLANG_ENABLE_OBJC_WEAK = YES;
				CLANG_WARN_BLOCK_CAPTURE_AUTORELEASING = YES;
				CLANG_WARN_BOOL_CONVERSION = YES;
				CLANG_WARN_COMMA = YES;
				CLANG_WARN_CONSTANT_CONVERSION = YES;
				CLANG_WARN_DEPRECATED_OBJC_IMPLEMENTATIONS = YES;
				CLANG_WARN_DIRECT_OBJC_ISA_USAGE = YES_ERROR;
				CLANG_WARN_DOCUMENTATION_COMMENTS = YES;
				CLANG_WARN_EMPTY_BODY = YES;
				CLANG_WARN_ENUM_CONVERSION = YES;
				CLANG_WARN_INFINITE_RECURSION = YES;
				CLANG_WARN_INT_CONVERSION = YES;
				CLANG_WARN_NON_LITERAL_NULL_CONVERSION = YES;
				CLANG_WARN_OBJC_IMPLICIT_RETAIN_SELF = YES;
				CLANG_WARN_OBJC_LITERAL_CONVERSION = YES;
				CLANG_WARN_OBJC_ROOT_CLASS = YES_ERROR;
				CLANG_WARN_QUOTED_INCLUDE_IN_FRAMEWORK_HEADER = YES;
				CLANG_WARN_RANGE_LOOP_ANALYSIS = YES;
				CLANG_WARN_STRICT_PROTOTYPES = YES;
				CLANG_WARN_SUSPICIOUS_MOVE = YES;
				CLANG_WARN_UNGUARDED_AVAILABILITY = YES_AGGRESSIVE;
				CLANG_WARN_UNREACHABLE_CODE = YES;
				CLANG_WARN__DUPLICATE_METHOD_MATCH = YES;
				COPY_PHASE_STRIP = NO;
				DEBUG_INFORMATION_FORMAT = dwarf;
				ENABLE_STRICT_OBJC_MSGSEND = YES;
				ENABLE_TESTABILITY = YES;
				GCC_C_LANGUAGE_STANDARD = gnu11;
				GCC_DYNAMIC_NO_PIC = NO;
				GCC_NO_COMMON_BLOCKS = YES;
				GCC_OPTIMIZATION_LEVEL = 0;
				GCC_PREPROCESSOR_DEFINITIONS = (
					"DEBUG=1",
					"$(inherited)",
				);
				GCC_WARN_64_TO_32_BIT_CONVERSION = YES;
				GCC_WARN_ABOUT_RETURN_TYPE = YES_ERROR;
				GCC_WARN_UNDECLARED_SELECTOR = YES;
				GCC_WARN_UNINITIALIZED_AUTOS = YES_AGGRESSIVE;
				GCC_WARN_UNUSED_FUNCTION = YES;
				GCC_WARN_UNUSED_VARIABLE = YES;
				IPHONEOS_DEPLOYMENT_TARGET = 16.0;
				MTL_ENABLE_DEBUG_INFO = INCLUDE_SOURCE;
				MTL_FAST_MATH = YES;
				ONLY_ACTIVE_ARCH = YES;
				SDKROOT = iphoneos;
				SWIFT_ACTIVE_COMPILATION_CONDITIONS = DEBUG;
				SWIFT_OPTIMIZATION_LEVEL = "-Onone";
			};
			name = Debug;
		};
		ADB471A328F69616005F8AA5 /* Release */ = {
			isa = XCBuildConfiguration;
			buildSettings = {
				ALWAYS_SEARCH_USER_PATHS = NO;
				CLANG_ANALYZER_NONNULL = YES;
				CLANG_ANALYZER_NUMBER_OBJECT_CONVERSION = YES_AGGRESSIVE;
				CLANG_CXX_LANGUAGE_STANDARD = "gnu++20";
				CLANG_ENABLE_MODULES = YES;
				CLANG_ENABLE_OBJC_ARC = YES;
				CLANG_ENABLE_OBJC_WEAK = YES;
				CLANG_WARN_BLOCK_CAPTURE_AUTORELEASING = YES;
				CLANG_WARN_BOOL_CONVERSION = YES;
				CLANG_WARN_COMMA = YES;
				CLANG_WARN_CONSTANT_CONVERSION = YES;
				CLANG_WARN_DEPRECATED_OBJC_IMPLEMENTATIONS = YES;
				CLANG_WARN_DIRECT_OBJC_ISA_USAGE = YES_ERROR;
				CLANG_WARN_DOCUMENTATION_COMMENTS = YES;
				CLANG_WARN_EMPTY_BODY = YES;
				CLANG_WARN_ENUM_CONVERSION = YES;
				CLANG_WARN_INFINITE_RECURSION = YES;
				CLANG_WARN_INT_CONVERSION = YES;
				CLANG_WARN_NON_LITERAL_NULL_CONVERSION = YES;
				CLANG_WARN_OBJC_IMPLICIT_RETAIN_SELF = YES;
				CLANG_WARN_OBJC_LITERAL_CONVERSION = YES;
				CLANG_WARN_OBJC_ROOT_CLASS = YES_ERROR;
				CLANG_WARN_QUOTED_INCLUDE_IN_FRAMEWORK_HEADER = YES;
				CLANG_WARN_RANGE_LOOP_ANALYSIS = YES;
				CLANG_WARN_STRICT_PROTOTYPES = YES;
				CLANG_WARN_SUSPICIOUS_MOVE = YES;
				CLANG_WARN_UNGUARDED_AVAILABILITY = YES_AGGRESSIVE;
				CLANG_WARN_UNREACHABLE_CODE = YES;
				CLANG_WARN__DUPLICATE_METHOD_MATCH = YES;
				COPY_PHASE_STRIP = NO;
				DEBUG_INFORMATION_FORMAT = "dwarf-with-dsym";
				ENABLE_NS_ASSERTIONS = NO;
				ENABLE_STRICT_OBJC_MSGSEND = YES;
				GCC_C_LANGUAGE_STANDARD = gnu11;
				GCC_NO_COMMON_BLOCKS = YES;
				GCC_WARN_64_TO_32_BIT_CONVERSION = YES;
				GCC_WARN_ABOUT_RETURN_TYPE = YES_ERROR;
				GCC_WARN_UNDECLARED_SELECTOR = YES;
				GCC_WARN_UNINITIALIZED_AUTOS = YES_AGGRESSIVE;
				GCC_WARN_UNUSED_FUNCTION = YES;
				GCC_WARN_UNUSED_VARIABLE = YES;
				IPHONEOS_DEPLOYMENT_TARGET = 16.0;
				MTL_ENABLE_DEBUG_INFO = NO;
				MTL_FAST_MATH = YES;
				SDKROOT = iphoneos;
				SWIFT_COMPILATION_MODE = wholemodule;
				SWIFT_OPTIMIZATION_LEVEL = "-O";
				VALIDATE_PRODUCT = YES;
			};
			name = Release;
		};
		ADB471A528F69616005F8AA5 /* Debug */ = {
			isa = XCBuildConfiguration;
			buildSettings = {
				ASSETCATALOG_COMPILER_APPICON_NAME = AppIcon;
				ASSETCATALOG_COMPILER_GLOBAL_ACCENT_COLOR_NAME = AccentColor;
				CODE_SIGN_STYLE = Automatic;
				CURRENT_PROJECT_VERSION = 1;
				DEVELOPMENT_TEAM = 68YVCN8TF9;
				GENERATE_INFOPLIST_FILE = YES;
				INFOPLIST_FILE = WeatherAppNational/Info.plist;
				INFOPLIST_KEY_UIApplicationSupportsIndirectInputEvents = YES;
				INFOPLIST_KEY_UILaunchStoryboardName = LaunchScreen;
				INFOPLIST_KEY_UIMainStoryboardFile = Main;
				INFOPLIST_KEY_UISupportedInterfaceOrientations_iPad = "UIInterfaceOrientationPortrait UIInterfaceOrientationPortraitUpsideDown UIInterfaceOrientationLandscapeLeft UIInterfaceOrientationLandscapeRight";
				INFOPLIST_KEY_UISupportedInterfaceOrientations_iPhone = "UIInterfaceOrientationPortrait UIInterfaceOrientationLandscapeLeft UIInterfaceOrientationLandscapeRight";
				IPHONEOS_DEPLOYMENT_TARGET = 13.0;
				LD_RUNPATH_SEARCH_PATHS = (
					"$(inherited)",
					"@executable_path/Frameworks",
				);
				MARKETING_VERSION = 1.0;
				PRODUCT_BUNDLE_IDENTIFIER = none.WeatherAppNational;
				PRODUCT_NAME = "$(TARGET_NAME)";
				SUPPORTED_PLATFORMS = "iphoneos iphonesimulator";
				SUPPORTS_MACCATALYST = NO;
				SUPPORTS_MAC_DESIGNED_FOR_IPHONE_IPAD = YES;
				SWIFT_EMIT_LOC_STRINGS = YES;
				SWIFT_VERSION = 5.0;
				TARGETED_DEVICE_FAMILY = 1;
			};
			name = Debug;
		};
		ADB471A628F69616005F8AA5 /* Release */ = {
			isa = XCBuildConfiguration;
			buildSettings = {
				ASSETCATALOG_COMPILER_APPICON_NAME = AppIcon;
				ASSETCATALOG_COMPILER_GLOBAL_ACCENT_COLOR_NAME = AccentColor;
				CODE_SIGN_STYLE = Automatic;
				CURRENT_PROJECT_VERSION = 1;
				DEVELOPMENT_TEAM = 68YVCN8TF9;
				GENERATE_INFOPLIST_FILE = YES;
				INFOPLIST_FILE = WeatherAppNational/Info.plist;
				INFOPLIST_KEY_UIApplicationSupportsIndirectInputEvents = YES;
				INFOPLIST_KEY_UILaunchStoryboardName = LaunchScreen;
				INFOPLIST_KEY_UIMainStoryboardFile = Main;
				INFOPLIST_KEY_UISupportedInterfaceOrientations_iPad = "UIInterfaceOrientationPortrait UIInterfaceOrientationPortraitUpsideDown UIInterfaceOrientationLandscapeLeft UIInterfaceOrientationLandscapeRight";
				INFOPLIST_KEY_UISupportedInterfaceOrientations_iPhone = "UIInterfaceOrientationPortrait UIInterfaceOrientationLandscapeLeft UIInterfaceOrientationLandscapeRight";
				IPHONEOS_DEPLOYMENT_TARGET = 13.0;
				LD_RUNPATH_SEARCH_PATHS = (
					"$(inherited)",
					"@executable_path/Frameworks",
				);
				MARKETING_VERSION = 1.0;
				PRODUCT_BUNDLE_IDENTIFIER = none.WeatherAppNational;
				PRODUCT_NAME = "$(TARGET_NAME)";
				SUPPORTED_PLATFORMS = "iphoneos iphonesimulator";
				SUPPORTS_MACCATALYST = NO;
				SUPPORTS_MAC_DESIGNED_FOR_IPHONE_IPAD = YES;
				SWIFT_EMIT_LOC_STRINGS = YES;
				SWIFT_VERSION = 5.0;
				TARGETED_DEVICE_FAMILY = 1;
			};
			name = Release;
		};
/* End XCBuildConfiguration section */

/* Begin XCConfigurationList section */
		ADB4718828F69615005F8AA5 /* Build configuration list for PBXProject "WeatherAppNational" */ = {
			isa = XCConfigurationList;
			buildConfigurations = (
				ADB471A228F69616005F8AA5 /* Debug */,
				ADB471A328F69616005F8AA5 /* Release */,
			);
			defaultConfigurationIsVisible = 0;
			defaultConfigurationName = Release;
		};
		ADB471A428F69616005F8AA5 /* Build configuration list for PBXNativeTarget "WeatherAppNational" */ = {
			isa = XCConfigurationList;
			buildConfigurations = (
				ADB471A528F69616005F8AA5 /* Debug */,
				ADB471A628F69616005F8AA5 /* Release */,
			);
			defaultConfigurationIsVisible = 0;
			defaultConfigurationName = Release;
		};
/* End XCConfigurationList section */

/* Begin XCVersionGroup section */
		ADB4719928F69615005F8AA5 /* WeatherAppNational.xcdatamodeld */ = {
			isa = XCVersionGroup;
			children = (
				ADB4719A28F69615005F8AA5 /* WeatherAppNational.xcdatamodel */,
			);
			currentVersion = ADB4719A28F69615005F8AA5 /* WeatherAppNational.xcdatamodel */;
			path = WeatherAppNational.xcdatamodeld;
			sourceTree = "<group>";
			versionGroupType = wrapper.xcdatamodel;
		};
/* End XCVersionGroup section */
	};
	rootObject = ADB4718528F69615005F8AA5 /* Project object */;
}
