// !$*UTF8*$!
{
	archiveVersion = 1;
	classes = {
	};
	objectVersion = 55;
	objects = {

/* Begin PBXBuildFile section */
		AD30F68229373AB400C68732 /* Colors.swift in Sources */ = {isa = PBXBuildFile; fileRef = AD30F68129373AB400C68732 /* Colors.swift */; };
		AD30F6882938698A00C68732 /* Binggrae.otf in Resources */ = {isa = PBXBuildFile; fileRef = AD30F6872938698A00C68732 /* Binggrae.otf */; };
		AD30F68A2938699200C68732 /* Binggrae-Bold.otf in Resources */ = {isa = PBXBuildFile; fileRef = AD30F6892938699200C68732 /* Binggrae-Bold.otf */; };
		AD30F68C29386CE400C68732 /* DefaultFontChange.swift in Sources */ = {isa = PBXBuildFile; fileRef = AD30F68B29386CE400C68732 /* DefaultFontChange.swift */; };
		AD386C5B299F6E3300E2E10D /* ChatViewModel.swift in Sources */ = {isa = PBXBuildFile; fileRef = AD386C5A299F6E3300E2E10D /* ChatViewModel.swift */; };
		AD386C5D299F6FF800E2E10D /* ChatModel.swift in Sources */ = {isa = PBXBuildFile; fileRef = AD386C5C299F6FF800E2E10D /* ChatModel.swift */; };
		AD3BF54B2984EB8C0090371C /* LoginView.swift in Sources */ = {isa = PBXBuildFile; fileRef = AD3BF54A2984EB8C0090371C /* LoginView.swift */; };
		AD3BF5512984FC430090371C /* LoginViewController.swift in Sources */ = {isa = PBXBuildFile; fileRef = AD3BF5502984FC430090371C /* LoginViewController.swift */; };
		AD3BF5552986536D0090371C /* GoogleService-Info.plist in Resources */ = {isa = PBXBuildFile; fileRef = AD3BF5542986536D0090371C /* GoogleService-Info.plist */; };
		AD3BF55C29877D970090371C /* FirebaseAuthentication.swift in Sources */ = {isa = PBXBuildFile; fileRef = AD3BF55B29877D970090371C /* FirebaseAuthentication.swift */; };
		AD3BF55E29879F550090371C /* ViewByLoginManager.swift in Sources */ = {isa = PBXBuildFile; fileRef = AD3BF55D29879F550090371C /* ViewByLoginManager.swift */; };
		AD3BF5602988B55D0090371C /* ProfileCell.swift in Sources */ = {isa = PBXBuildFile; fileRef = AD3BF55F2988B55D0090371C /* ProfileCell.swift */; };
		AD3BF5642989073E0090371C /* LoginInfoViewController.swift in Sources */ = {isa = PBXBuildFile; fileRef = AD3BF5632989073E0090371C /* LoginInfoViewController.swift */; };
		AD3BF566298907FE0090371C /* LoginInfoView.swift in Sources */ = {isa = PBXBuildFile; fileRef = AD3BF565298907FE0090371C /* LoginInfoView.swift */; };
		AD3BF569298933230090371C /* UserModel.swift in Sources */ = {isa = PBXBuildFile; fileRef = AD3BF568298933230090371C /* UserModel.swift */; };
		AD3EB6D12997C76900F4B9ED /* ScreenUtil.swift in Sources */ = {isa = PBXBuildFile; fileRef = AD3EB6D02997C76900F4B9ED /* ScreenUtil.swift */; };
		AD6FA1DE291939B400492FE9 /* Observer.swift in Sources */ = {isa = PBXBuildFile; fileRef = AD6FA1DD291939B400492FE9 /* Observer.swift */; };
		AD6FA1E029193A0700492FE9 /* Subscriber.swift in Sources */ = {isa = PBXBuildFile; fileRef = AD6FA1DF29193A0700492FE9 /* Subscriber.swift */; };
		AD6FA1E2291FC46500492FE9 /* WeatherViewController.swift in Sources */ = {isa = PBXBuildFile; fileRef = AD6FA1E1291FC46500492FE9 /* WeatherViewController.swift */; };
		AD6FA1E82920AD2E00492FE9 /* UserDefaultsUtil.swift in Sources */ = {isa = PBXBuildFile; fileRef = AD6FA1E72920AD2E00492FE9 /* UserDefaultsUtil.swift */; };
		AD6FA1EA2920ADBB00492FE9 /* CityModel.swift in Sources */ = {isa = PBXBuildFile; fileRef = AD6FA1E92920ADBB00492FE9 /* CityModel.swift */; };
		AD9CC8B929766BF6005EDC26 /* BulletinBoardView.swift in Sources */ = {isa = PBXBuildFile; fileRef = AD9CC8B829766BF6005EDC26 /* BulletinBoardView.swift */; };
		AD9CC8BB2976BD8D005EDC26 /* BulletinBoardViewController.swift in Sources */ = {isa = PBXBuildFile; fileRef = AD9CC8BA2976BD8D005EDC26 /* BulletinBoardViewController.swift */; };
		AD9CE3A429C1B5B100AC5A37 /* Extensions.swift in Sources */ = {isa = PBXBuildFile; fileRef = AD9CE3A329C1B5B100AC5A37 /* Extensions.swift */; };
		AD9CE3A629C1DE7500AC5A37 /* LoadingIndicator.swift in Sources */ = {isa = PBXBuildFile; fileRef = AD9CE3A529C1DE7500AC5A37 /* LoadingIndicator.swift */; };
		ADAD622C2959C045000BFCF4 /* ColorsViewModel.swift in Sources */ = {isa = PBXBuildFile; fileRef = ADAD622B2959C045000BFCF4 /* ColorsViewModel.swift */; };
		ADAD623029696F48000BFCF4 /* LocationDataWithGPS.json in Resources */ = {isa = PBXBuildFile; fileRef = ADAD622F29696F48000BFCF4 /* LocationDataWithGPS.json */; };
		ADAD623229697919000BFCF4 /* WeatherKitViewModel.swift in Sources */ = {isa = PBXBuildFile; fileRef = ADAD623129697919000BFCF4 /* WeatherKitViewModel.swift */; };
		ADAD6235296AD855000BFCF4 /* WeatherKitModel.swift in Sources */ = {isa = PBXBuildFile; fileRef = ADAD6234296AD855000BFCF4 /* WeatherKitModel.swift */; };
		ADB4719128F69615005F8AA5 /* AppDelegate.swift in Sources */ = {isa = PBXBuildFile; fileRef = ADB4719028F69615005F8AA5 /* AppDelegate.swift */; };
		ADB4719328F69615005F8AA5 /* SceneDelegate.swift in Sources */ = {isa = PBXBuildFile; fileRef = ADB4719228F69615005F8AA5 /* SceneDelegate.swift */; };
		ADB4719528F69615005F8AA5 /* MainPageViewController.swift in Sources */ = {isa = PBXBuildFile; fileRef = ADB4719428F69615005F8AA5 /* MainPageViewController.swift */; };
		ADB4719B28F69615005F8AA5 /* WeatherAppNational.xcdatamodeld in Sources */ = {isa = PBXBuildFile; fileRef = ADB4719928F69615005F8AA5 /* WeatherAppNational.xcdatamodeld */; };
		ADB4719D28F69616005F8AA5 /* Assets.xcassets in Resources */ = {isa = PBXBuildFile; fileRef = ADB4719C28F69616005F8AA5 /* Assets.xcassets */; };
		ADB471A028F69616005F8AA5 /* LaunchScreen.storyboard in Resources */ = {isa = PBXBuildFile; fileRef = ADB4719E28F69616005F8AA5 /* LaunchScreen.storyboard */; };
		ADB471AB28F705BF005F8AA5 /* WeatherDataModel.swift in Sources */ = {isa = PBXBuildFile; fileRef = ADB471AA28F705BF005F8AA5 /* WeatherDataModel.swift */; };
		ADB471AD28F8006B005F8AA5 /* WeatherDataManager.swift in Sources */ = {isa = PBXBuildFile; fileRef = ADB471AC28F8006A005F8AA5 /* WeatherDataManager.swift */; };
		ADD43DB1294C2B64000DE026 /* TouchableOpacityImageView.swift in Sources */ = {isa = PBXBuildFile; fileRef = ADD43DB0294C2B64000DE026 /* TouchableOpacityImageView.swift */; };
		ADD43DB3294C2B9F000DE026 /* OpacityTapGestureRecognizer.swift in Sources */ = {isa = PBXBuildFile; fileRef = ADD43DB2294C2B9F000DE026 /* OpacityTapGestureRecognizer.swift */; };
		ADD43DB5294C2BEA000DE026 /* TouchableOpacityView.swift in Sources */ = {isa = PBXBuildFile; fileRef = ADD43DB4294C2BEA000DE026 /* TouchableOpacityView.swift */; };
		ADE9CEF32907C254002EDB9E /* SettingViewController.swift in Sources */ = {isa = PBXBuildFile; fileRef = ADE9CEF22907C254002EDB9E /* SettingViewController.swift */; };
		ADE9CEF62907C322002EDB9E /* Constants.swift in Sources */ = {isa = PBXBuildFile; fileRef = ADE9CEF52907C322002EDB9E /* Constants.swift */; };
		ADE9CEFA2907C39D002EDB9E /* CitiesViewController.swift in Sources */ = {isa = PBXBuildFile; fileRef = ADE9CEF92907C39D002EDB9E /* CitiesViewController.swift */; };
		ADE9CEFE2907C3E2002EDB9E /* SettingViewCell.swift in Sources */ = {isa = PBXBuildFile; fileRef = ADE9CEFD2907C3E2002EDB9E /* SettingViewCell.swift */; };
		ADE9CF002907C3F9002EDB9E /* TomorrowWeatherView.swift in Sources */ = {isa = PBXBuildFile; fileRef = ADE9CEFF2907C3F9002EDB9E /* TomorrowWeatherView.swift */; };
		ADE9CF022907C40A002EDB9E /* YesterdayWeatherView.swift in Sources */ = {isa = PBXBuildFile; fileRef = ADE9CF012907C40A002EDB9E /* YesterdayWeatherView.swift */; };
		ADE9CF042907C41D002EDB9E /* TodayWeatherView.swift in Sources */ = {isa = PBXBuildFile; fileRef = ADE9CF032907C41D002EDB9E /* TodayWeatherView.swift */; };
		ADE9CF062907C6B0002EDB9E /* MainView.swift in Sources */ = {isa = PBXBuildFile; fileRef = ADE9CF052907C6B0002EDB9E /* MainView.swift */; };
		ADE9CF0F290B9A71002EDB9E /* Dates.swift in Sources */ = {isa = PBXBuildFile; fileRef = ADE9CF0E290B9A71002EDB9E /* Dates.swift */; };
		ADE9CF14290FCE66002EDB9E /* ConvertXY.swift in Sources */ = {isa = PBXBuildFile; fileRef = ADE9CF13290FCE66002EDB9E /* ConvertXY.swift */; };
		ADE9CF1629112D32002EDB9E /* SettingViewModel.swift in Sources */ = {isa = PBXBuildFile; fileRef = ADE9CF1529112D32002EDB9E /* SettingViewModel.swift */; };
		ADE9CF18291550E5002EDB9E /* CustomWeatherService.swift in Sources */ = {isa = PBXBuildFile; fileRef = ADE9CF17291550E5002EDB9E /* CustomWeatherService.swift */; };
		ADEB44F1297D150300DD6B55 /* UserChatCell.swift in Sources */ = {isa = PBXBuildFile; fileRef = ADEB44F0297D150300DD6B55 /* UserChatCell.swift */; };
		ADEB44F3297D152500DD6B55 /* OthersChatCell.swift in Sources */ = {isa = PBXBuildFile; fileRef = ADEB44F2297D152500DD6B55 /* OthersChatCell.swift */; };
		ADEB44FB297F9D8300DD6B55 /* APIKeyList.plist in Resources */ = {isa = PBXBuildFile; fileRef = ADEB44FA297F9D8300DD6B55 /* APIKeyList.plist */; };
		ADEB44FE297FAA2F00DD6B55 /* WeatherAppNational++Bundle.swift in Sources */ = {isa = PBXBuildFile; fileRef = ADEB44FD297FAA2F00DD6B55 /* WeatherAppNational++Bundle.swift */; };
		ADFF81EE293C756B00FB883F /* LocationData.json in Resources */ = {isa = PBXBuildFile; fileRef = ADFF81ED293C756B00FB883F /* LocationData.json */; };
		ADFF81F1293C775900FB883F /* LocationGrid+CoreDataClass.swift in Sources */ = {isa = PBXBuildFile; fileRef = ADFF81EF293C775900FB883F /* LocationGrid+CoreDataClass.swift */; };
		ADFF81F2293C775900FB883F /* LocationGrid+CoreDataProperties.swift in Sources */ = {isa = PBXBuildFile; fileRef = ADFF81F0293C775900FB883F /* LocationGrid+CoreDataProperties.swift */; };
		ADFF81F4293C785B00FB883F /* CoreDataManager.swift in Sources */ = {isa = PBXBuildFile; fileRef = ADFF81F3293C785B00FB883F /* CoreDataManager.swift */; };
		ADFF81F6293C7AF700FB883F /* LocationGridModel.swift in Sources */ = {isa = PBXBuildFile; fileRef = ADFF81F5293C7AF700FB883F /* LocationGridModel.swift */; };
		ADFF81F8293EFED300FB883F /* CitiesListViewCell.swift in Sources */ = {isa = PBXBuildFile; fileRef = ADFF81F7293EFED300FB883F /* CitiesListViewCell.swift */; };
		ADFF81FA293F2CF500FB883F /* CitiesViewModel.swift in Sources */ = {isa = PBXBuildFile; fileRef = ADFF81F9293F2CF500FB883F /* CitiesViewModel.swift */; };
		BEE26BBCA728E8380E7A25F4 /* Pods_WeatherAppNational.framework in Frameworks */ = {isa = PBXBuildFile; fileRef = EA0AD23D7ABB8503A246BCAE /* Pods_WeatherAppNational.framework */; };
/* End PBXBuildFile section */

/* Begin PBXFileReference section */
		0F17F5053BC621A963B4D9B8 /* Pods-WeatherAppNational.release.xcconfig */ = {isa = PBXFileReference; includeInIndex = 1; lastKnownFileType = text.xcconfig; name = "Pods-WeatherAppNational.release.xcconfig"; path = "Target Support Files/Pods-WeatherAppNational/Pods-WeatherAppNational.release.xcconfig"; sourceTree = "<group>"; };
		378B9ED1A1003F8475999FF8 /* Pods-WeatherAppNational.debug.xcconfig */ = {isa = PBXFileReference; includeInIndex = 1; lastKnownFileType = text.xcconfig; name = "Pods-WeatherAppNational.debug.xcconfig"; path = "Target Support Files/Pods-WeatherAppNational/Pods-WeatherAppNational.debug.xcconfig"; sourceTree = "<group>"; };
		AD30F68129373AB400C68732 /* Colors.swift */ = {isa = PBXFileReference; lastKnownFileType = sourcecode.swift; path = Colors.swift; sourceTree = "<group>"; };
		AD30F6872938698A00C68732 /* Binggrae.otf */ = {isa = PBXFileReference; lastKnownFileType = file; path = Binggrae.otf; sourceTree = "<group>"; };
		AD30F6892938699200C68732 /* Binggrae-Bold.otf */ = {isa = PBXFileReference; lastKnownFileType = file; path = "Binggrae-Bold.otf"; sourceTree = "<group>"; };
		AD30F68B29386CE400C68732 /* DefaultFontChange.swift */ = {isa = PBXFileReference; lastKnownFileType = sourcecode.swift; path = DefaultFontChange.swift; sourceTree = "<group>"; };
		AD386C5A299F6E3300E2E10D /* ChatViewModel.swift */ = {isa = PBXFileReference; lastKnownFileType = sourcecode.swift; path = ChatViewModel.swift; sourceTree = "<group>"; };
		AD386C5C299F6FF800E2E10D /* ChatModel.swift */ = {isa = PBXFileReference; lastKnownFileType = sourcecode.swift; path = ChatModel.swift; sourceTree = "<group>"; };
		AD3BF54A2984EB8C0090371C /* LoginView.swift */ = {isa = PBXFileReference; lastKnownFileType = sourcecode.swift; path = LoginView.swift; sourceTree = "<group>"; };
		AD3BF5502984FC430090371C /* LoginViewController.swift */ = {isa = PBXFileReference; lastKnownFileType = sourcecode.swift; path = LoginViewController.swift; sourceTree = "<group>"; };
		AD3BF5542986536D0090371C /* GoogleService-Info.plist */ = {isa = PBXFileReference; fileEncoding = 4; lastKnownFileType = text.plist.xml; path = "GoogleService-Info.plist"; sourceTree = "<group>"; };
		AD3BF55B29877D970090371C /* FirebaseAuthentication.swift */ = {isa = PBXFileReference; lastKnownFileType = sourcecode.swift; path = FirebaseAuthentication.swift; sourceTree = "<group>"; };
		AD3BF55D29879F550090371C /* ViewByLoginManager.swift */ = {isa = PBXFileReference; lastKnownFileType = sourcecode.swift; path = ViewByLoginManager.swift; sourceTree = "<group>"; };
		AD3BF55F2988B55D0090371C /* ProfileCell.swift */ = {isa = PBXFileReference; lastKnownFileType = sourcecode.swift; path = ProfileCell.swift; sourceTree = "<group>"; };
		AD3BF5632989073E0090371C /* LoginInfoViewController.swift */ = {isa = PBXFileReference; lastKnownFileType = sourcecode.swift; path = LoginInfoViewController.swift; sourceTree = "<group>"; };
		AD3BF565298907FE0090371C /* LoginInfoView.swift */ = {isa = PBXFileReference; lastKnownFileType = sourcecode.swift; path = LoginInfoView.swift; sourceTree = "<group>"; };
		AD3BF568298933230090371C /* UserModel.swift */ = {isa = PBXFileReference; lastKnownFileType = sourcecode.swift; path = UserModel.swift; sourceTree = "<group>"; };
		AD3EB6D02997C76900F4B9ED /* ScreenUtil.swift */ = {isa = PBXFileReference; lastKnownFileType = sourcecode.swift; path = ScreenUtil.swift; sourceTree = "<group>"; };
		AD6FA1DD291939B400492FE9 /* Observer.swift */ = {isa = PBXFileReference; lastKnownFileType = sourcecode.swift; path = Observer.swift; sourceTree = "<group>"; };
		AD6FA1DF29193A0700492FE9 /* Subscriber.swift */ = {isa = PBXFileReference; lastKnownFileType = sourcecode.swift; path = Subscriber.swift; sourceTree = "<group>"; };
		AD6FA1E1291FC46500492FE9 /* WeatherViewController.swift */ = {isa = PBXFileReference; lastKnownFileType = sourcecode.swift; path = WeatherViewController.swift; sourceTree = "<group>"; };
		AD6FA1E72920AD2E00492FE9 /* UserDefaultsUtil.swift */ = {isa = PBXFileReference; lastKnownFileType = sourcecode.swift; path = UserDefaultsUtil.swift; sourceTree = "<group>"; };
		AD6FA1E92920ADBB00492FE9 /* CityModel.swift */ = {isa = PBXFileReference; lastKnownFileType = sourcecode.swift; path = CityModel.swift; sourceTree = "<group>"; };
		AD9CC8B829766BF6005EDC26 /* BulletinBoardView.swift */ = {isa = PBXFileReference; lastKnownFileType = sourcecode.swift; path = BulletinBoardView.swift; sourceTree = "<group>"; };
		AD9CC8BA2976BD8D005EDC26 /* BulletinBoardViewController.swift */ = {isa = PBXFileReference; lastKnownFileType = sourcecode.swift; path = BulletinBoardViewController.swift; sourceTree = "<group>"; };
		AD9CE3A329C1B5B100AC5A37 /* Extensions.swift */ = {isa = PBXFileReference; lastKnownFileType = sourcecode.swift; path = Extensions.swift; sourceTree = "<group>"; };
		AD9CE3A529C1DE7500AC5A37 /* LoadingIndicator.swift */ = {isa = PBXFileReference; lastKnownFileType = sourcecode.swift; path = LoadingIndicator.swift; sourceTree = "<group>"; };
		ADAD622B2959C045000BFCF4 /* ColorsViewModel.swift */ = {isa = PBXFileReference; lastKnownFileType = sourcecode.swift; path = ColorsViewModel.swift; sourceTree = "<group>"; };
		ADAD622F29696F48000BFCF4 /* LocationDataWithGPS.json */ = {isa = PBXFileReference; fileEncoding = 4; lastKnownFileType = text.json; path = LocationDataWithGPS.json; sourceTree = "<group>"; };
		ADAD623129697919000BFCF4 /* WeatherKitViewModel.swift */ = {isa = PBXFileReference; lastKnownFileType = sourcecode.swift; path = WeatherKitViewModel.swift; sourceTree = "<group>"; };
		ADAD62332969A1DD000BFCF4 /* WeatherAppNational.entitlements */ = {isa = PBXFileReference; lastKnownFileType = text.plist.entitlements; path = WeatherAppNational.entitlements; sourceTree = "<group>"; };
		ADAD6234296AD855000BFCF4 /* WeatherKitModel.swift */ = {isa = PBXFileReference; lastKnownFileType = sourcecode.swift; path = WeatherKitModel.swift; sourceTree = "<group>"; };
		ADB4718D28F69615005F8AA5 /* WeatherAppNational.app */ = {isa = PBXFileReference; explicitFileType = wrapper.application; includeInIndex = 0; path = WeatherAppNational.app; sourceTree = BUILT_PRODUCTS_DIR; };
		ADB4719028F69615005F8AA5 /* AppDelegate.swift */ = {isa = PBXFileReference; lastKnownFileType = sourcecode.swift; path = AppDelegate.swift; sourceTree = "<group>"; };
		ADB4719228F69615005F8AA5 /* SceneDelegate.swift */ = {isa = PBXFileReference; lastKnownFileType = sourcecode.swift; path = SceneDelegate.swift; sourceTree = "<group>"; };
		ADB4719428F69615005F8AA5 /* MainPageViewController.swift */ = {isa = PBXFileReference; lastKnownFileType = sourcecode.swift; path = MainPageViewController.swift; sourceTree = "<group>"; };
		ADB4719A28F69615005F8AA5 /* WeatherAppNational.xcdatamodel */ = {isa = PBXFileReference; lastKnownFileType = wrapper.xcdatamodel; path = WeatherAppNational.xcdatamodel; sourceTree = "<group>"; };
		ADB4719C28F69616005F8AA5 /* Assets.xcassets */ = {isa = PBXFileReference; lastKnownFileType = folder.assetcatalog; path = Assets.xcassets; sourceTree = "<group>"; };
		ADB4719F28F69616005F8AA5 /* Base */ = {isa = PBXFileReference; lastKnownFileType = file.storyboard; name = Base; path = Base.lproj/LaunchScreen.storyboard; sourceTree = "<group>"; };
		ADB471A128F69616005F8AA5 /* Info.plist */ = {isa = PBXFileReference; lastKnownFileType = text.plist.xml; path = Info.plist; sourceTree = "<group>"; };
		ADB471AA28F705BF005F8AA5 /* WeatherDataModel.swift */ = {isa = PBXFileReference; lastKnownFileType = sourcecode.swift; path = WeatherDataModel.swift; sourceTree = "<group>"; };
		ADB471AC28F8006A005F8AA5 /* WeatherDataManager.swift */ = {isa = PBXFileReference; lastKnownFileType = sourcecode.swift; path = WeatherDataManager.swift; sourceTree = "<group>"; };
		ADD43DB0294C2B64000DE026 /* TouchableOpacityImageView.swift */ = {isa = PBXFileReference; lastKnownFileType = sourcecode.swift; path = TouchableOpacityImageView.swift; sourceTree = "<group>"; };
		ADD43DB2294C2B9F000DE026 /* OpacityTapGestureRecognizer.swift */ = {isa = PBXFileReference; lastKnownFileType = sourcecode.swift; path = OpacityTapGestureRecognizer.swift; sourceTree = "<group>"; };
		ADD43DB4294C2BEA000DE026 /* TouchableOpacityView.swift */ = {isa = PBXFileReference; lastKnownFileType = sourcecode.swift; path = TouchableOpacityView.swift; sourceTree = "<group>"; };
		ADE9CEF22907C254002EDB9E /* SettingViewController.swift */ = {isa = PBXFileReference; lastKnownFileType = sourcecode.swift; name = SettingViewController.swift; path = ../Views/SettingViewController.swift; sourceTree = "<group>"; };
		ADE9CEF52907C322002EDB9E /* Constants.swift */ = {isa = PBXFileReference; lastKnownFileType = sourcecode.swift; path = Constants.swift; sourceTree = "<group>"; };
		ADE9CEF92907C39D002EDB9E /* CitiesViewController.swift */ = {isa = PBXFileReference; lastKnownFileType = sourcecode.swift; path = CitiesViewController.swift; sourceTree = "<group>"; };
		ADE9CEFD2907C3E2002EDB9E /* SettingViewCell.swift */ = {isa = PBXFileReference; lastKnownFileType = sourcecode.swift; path = SettingViewCell.swift; sourceTree = "<group>"; };
		ADE9CEFF2907C3F9002EDB9E /* TomorrowWeatherView.swift */ = {isa = PBXFileReference; lastKnownFileType = sourcecode.swift; path = TomorrowWeatherView.swift; sourceTree = "<group>"; };
		ADE9CF012907C40A002EDB9E /* YesterdayWeatherView.swift */ = {isa = PBXFileReference; lastKnownFileType = sourcecode.swift; path = YesterdayWeatherView.swift; sourceTree = "<group>"; };
		ADE9CF032907C41D002EDB9E /* TodayWeatherView.swift */ = {isa = PBXFileReference; lastKnownFileType = sourcecode.swift; path = TodayWeatherView.swift; sourceTree = "<group>"; };
		ADE9CF052907C6B0002EDB9E /* MainView.swift */ = {isa = PBXFileReference; lastKnownFileType = sourcecode.swift; path = MainView.swift; sourceTree = "<group>"; };
		ADE9CF0E290B9A71002EDB9E /* Dates.swift */ = {isa = PBXFileReference; lastKnownFileType = sourcecode.swift; path = Dates.swift; sourceTree = "<group>"; };
		ADE9CF13290FCE66002EDB9E /* ConvertXY.swift */ = {isa = PBXFileReference; lastKnownFileType = sourcecode.swift; path = ConvertXY.swift; sourceTree = "<group>"; };
		ADE9CF1529112D32002EDB9E /* SettingViewModel.swift */ = {isa = PBXFileReference; lastKnownFileType = sourcecode.swift; path = SettingViewModel.swift; sourceTree = "<group>"; };
		ADE9CF17291550E5002EDB9E /* CustomWeatherService.swift */ = {isa = PBXFileReference; lastKnownFileType = sourcecode.swift; path = CustomWeatherService.swift; sourceTree = "<group>"; };
		ADEB44F0297D150300DD6B55 /* UserChatCell.swift */ = {isa = PBXFileReference; lastKnownFileType = sourcecode.swift; path = UserChatCell.swift; sourceTree = "<group>"; };
		ADEB44F2297D152500DD6B55 /* OthersChatCell.swift */ = {isa = PBXFileReference; lastKnownFileType = sourcecode.swift; path = OthersChatCell.swift; sourceTree = "<group>"; };
		ADEB44FA297F9D8300DD6B55 /* APIKeyList.plist */ = {isa = PBXFileReference; lastKnownFileType = text.plist.xml; path = APIKeyList.plist; sourceTree = "<group>"; };
		ADEB44FD297FAA2F00DD6B55 /* WeatherAppNational++Bundle.swift */ = {isa = PBXFileReference; lastKnownFileType = sourcecode.swift; path = "WeatherAppNational++Bundle.swift"; sourceTree = "<group>"; };
		ADFF81ED293C756B00FB883F /* LocationData.json */ = {isa = PBXFileReference; fileEncoding = 4; lastKnownFileType = text.json; path = LocationData.json; sourceTree = "<group>"; };
		ADFF81EF293C775900FB883F /* LocationGrid+CoreDataClass.swift */ = {isa = PBXFileReference; lastKnownFileType = sourcecode.swift; path = "LocationGrid+CoreDataClass.swift"; sourceTree = "<group>"; };
		ADFF81F0293C775900FB883F /* LocationGrid+CoreDataProperties.swift */ = {isa = PBXFileReference; lastKnownFileType = sourcecode.swift; path = "LocationGrid+CoreDataProperties.swift"; sourceTree = "<group>"; };
		ADFF81F3293C785B00FB883F /* CoreDataManager.swift */ = {isa = PBXFileReference; lastKnownFileType = sourcecode.swift; path = CoreDataManager.swift; sourceTree = "<group>"; };
		ADFF81F5293C7AF700FB883F /* LocationGridModel.swift */ = {isa = PBXFileReference; lastKnownFileType = sourcecode.swift; path = LocationGridModel.swift; sourceTree = "<group>"; };
		ADFF81F7293EFED300FB883F /* CitiesListViewCell.swift */ = {isa = PBXFileReference; lastKnownFileType = sourcecode.swift; path = CitiesListViewCell.swift; sourceTree = "<group>"; };
		ADFF81F9293F2CF500FB883F /* CitiesViewModel.swift */ = {isa = PBXFileReference; lastKnownFileType = sourcecode.swift; path = CitiesViewModel.swift; sourceTree = "<group>"; };
		EA0AD23D7ABB8503A246BCAE /* Pods_WeatherAppNational.framework */ = {isa = PBXFileReference; explicitFileType = wrapper.framework; includeInIndex = 0; path = Pods_WeatherAppNational.framework; sourceTree = BUILT_PRODUCTS_DIR; };
/* End PBXFileReference section */

/* Begin PBXFrameworksBuildPhase section */
		ADB4718A28F69615005F8AA5 /* Frameworks */ = {
			isa = PBXFrameworksBuildPhase;
			buildActionMask = 2147483647;
			files = (
				BEE26BBCA728E8380E7A25F4 /* Pods_WeatherAppNational.framework in Frameworks */,
			);
			runOnlyForDeploymentPostprocessing = 0;
		};
/* End PBXFrameworksBuildPhase section */

/* Begin PBXGroup section */
		43E79D9EB854C02AA463B1EA /* Pods */ = {
			isa = PBXGroup;
			children = (
				378B9ED1A1003F8475999FF8 /* Pods-WeatherAppNational.debug.xcconfig */,
				0F17F5053BC621A963B4D9B8 /* Pods-WeatherAppNational.release.xcconfig */,
			);
			path = Pods;
			sourceTree = "<group>";
		};
		7D09DBAC3FF9835C6AED529C /* Frameworks */ = {
			isa = PBXGroup;
			children = (
				EA0AD23D7ABB8503A246BCAE /* Pods_WeatherAppNational.framework */,
			);
			name = Frameworks;
			sourceTree = "<group>";
		};
		AD30F6862938696B00C68732 /* Fonts */ = {
			isa = PBXGroup;
			children = (
				AD30F6872938698A00C68732 /* Binggrae.otf */,
				AD30F6892938699200C68732 /* Binggrae-Bold.otf */,
				AD30F68B29386CE400C68732 /* DefaultFontChange.swift */,
			);
			path = Fonts;
			sourceTree = "<group>";
		};
		AD386C58299F589000E2E10D /* LocationDatas */ = {
			isa = PBXGroup;
			children = (
				ADFF81ED293C756B00FB883F /* LocationData.json */,
				ADAD622F29696F48000BFCF4 /* LocationDataWithGPS.json */,
			);
			path = LocationDatas;
			sourceTree = "<group>";
		};
		AD386C59299F589C00E2E10D /* API resources */ = {
			isa = PBXGroup;
			children = (
				ADEB44FA297F9D8300DD6B55 /* APIKeyList.plist */,
				ADEB44FD297FAA2F00DD6B55 /* WeatherAppNational++Bundle.swift */,
			);
			path = "API resources";
			sourceTree = "<group>";
		};
		AD386C5E29A3984C00E2E10D /* WeatherModels */ = {
			isa = PBXGroup;
			children = (
				ADAD6234296AD855000BFCF4 /* WeatherKitModel.swift */,
				ADB471AA28F705BF005F8AA5 /* WeatherDataModel.swift */,
			);
			path = WeatherModels;
			sourceTree = "<group>";
		};
		AD3BF5612988BE870090371C /* Settings */ = {
			isa = PBXGroup;
			children = (
				ADE9CEFD2907C3E2002EDB9E /* SettingViewCell.swift */,
				AD3BF55F2988B55D0090371C /* ProfileCell.swift */,
			);
			path = Settings;
			sourceTree = "<group>";
		};
		AD3BF562298901E40090371C /* Login */ = {
			isa = PBXGroup;
			children = (
				AD3BF5502984FC430090371C /* LoginViewController.swift */,
				AD3BF5632989073E0090371C /* LoginInfoViewController.swift */,
			);
			path = Login;
			sourceTree = "<group>";
		};
		AD3BF567298908870090371C /* Logins */ = {
			isa = PBXGroup;
			children = (
				AD3BF54A2984EB8C0090371C /* LoginView.swift */,
				AD3BF565298907FE0090371C /* LoginInfoView.swift */,
			);
			path = Logins;
			sourceTree = "<group>";
		};
		AD3EB6CF2997C75A00F4B9ED /* Utils */ = {
			isa = PBXGroup;
			children = (
				ADE9CEF42907C2F7002EDB9E /* Helpers */,
				AD9CE3A329C1B5B100AC5A37 /* Extensions.swift */,
				AD3EB6D02997C76900F4B9ED /* ScreenUtil.swift */,
				ADD43DB0294C2B64000DE026 /* TouchableOpacityImageView.swift */,
				ADD43DB2294C2B9F000DE026 /* OpacityTapGestureRecognizer.swift */,
				ADD43DB4294C2BEA000DE026 /* TouchableOpacityView.swift */,
				AD9CE3A529C1DE7500AC5A37 /* LoadingIndicator.swift */,
			);
			path = Utils;
			sourceTree = "<group>";
		};
		AD6FA1D12916469200492FE9 /* Resources */ = {
			isa = PBXGroup;
			children = (
				AD386C59299F589C00E2E10D /* API resources */,
				AD386C58299F589000E2E10D /* LocationDatas */,
				AD30F6862938696B00C68732 /* Fonts */,
			);
			path = Resources;
			sourceTree = "<group>";
		};
		AD6FA1DC2919399E00492FE9 /* Protocols */ = {
			isa = PBXGroup;
			children = (
				AD6FA1DD291939B400492FE9 /* Observer.swift */,
				AD6FA1DF29193A0700492FE9 /* Subscriber.swift */,
			);
			path = Protocols;
			sourceTree = "<group>";
		};
		AD6FA1E52920AD0500492FE9 /* Local */ = {
			isa = PBXGroup;
			children = (
				ADE9CF13290FCE66002EDB9E /* ConvertXY.swift */,
				AD6FA1E92920ADBB00492FE9 /* CityModel.swift */,
			);
			path = Local;
			sourceTree = "<group>";
		};
		AD6FA1E62920AD1800492FE9 /* Network */ = {
			isa = PBXGroup;
			children = (
				ADB471AC28F8006A005F8AA5 /* WeatherDataManager.swift */,
				ADE9CF17291550E5002EDB9E /* CustomWeatherService.swift */,
				AD3BF55B29877D970090371C /* FirebaseAuthentication.swift */,
				AD3BF55D29879F550090371C /* ViewByLoginManager.swift */,
			);
			path = Network;
			sourceTree = "<group>";
		};
		ADAD622A2959752C000BFCF4 /* CoreDataModels */ = {
			isa = PBXGroup;
			children = (
				ADFF81F0293C775900FB883F /* LocationGrid+CoreDataProperties.swift */,
				ADFF81EF293C775900FB883F /* LocationGrid+CoreDataClass.swift */,
				ADFF81F5293C7AF700FB883F /* LocationGridModel.swift */,
				ADFF81F3293C785B00FB883F /* CoreDataManager.swift */,
			);
			path = CoreDataModels;
			sourceTree = "<group>";
		};
		ADB4718428F69615005F8AA5 = {
			isa = PBXGroup;
			children = (
				ADB4718F28F69615005F8AA5 /* WeatherAppNational */,
				ADB4718E28F69615005F8AA5 /* Products */,
				43E79D9EB854C02AA463B1EA /* Pods */,
				7D09DBAC3FF9835C6AED529C /* Frameworks */,
			);
			sourceTree = "<group>";
		};
		ADB4718E28F69615005F8AA5 /* Products */ = {
			isa = PBXGroup;
			children = (
				ADB4718D28F69615005F8AA5 /* WeatherAppNational.app */,
			);
			name = Products;
			sourceTree = "<group>";
		};
		ADB4718F28F69615005F8AA5 /* WeatherAppNational */ = {
			isa = PBXGroup;
			children = (
				ADB471A128F69616005F8AA5 /* Info.plist */,
				AD3BF5542986536D0090371C /* GoogleService-Info.plist */,
				ADAD62332969A1DD000BFCF4 /* WeatherAppNational.entitlements */,
				ADB4719028F69615005F8AA5 /* AppDelegate.swift */,
				ADB4719228F69615005F8AA5 /* SceneDelegate.swift */,
				AD6FA1DC2919399E00492FE9 /* Protocols */,
				ADB471A928F69640005F8AA5 /* Models */,
				ADB471A828F69635005F8AA5 /* Views */,
				ADE9CF072907E4EB002EDB9E /* ViewModels */,
				ADB471A728F6962A005F8AA5 /* Controllers */,
				ADE9CF12290FCE45002EDB9E /* APIs */,
				AD3EB6CF2997C75A00F4B9ED /* Utils */,
				AD6FA1D12916469200492FE9 /* Resources */,
				ADB4719E28F69616005F8AA5 /* LaunchScreen.storyboard */,
				ADB4719C28F69616005F8AA5 /* Assets.xcassets */,
				ADB4719928F69615005F8AA5 /* WeatherAppNational.xcdatamodeld */,
			);
			path = WeatherAppNational;
			sourceTree = "<group>";
		};
		ADB471A728F6962A005F8AA5 /* Controllers */ = {
			isa = PBXGroup;
			children = (
				AD3BF562298901E40090371C /* Login */,
				ADB4719428F69615005F8AA5 /* MainPageViewController.swift */,
				AD6FA1E1291FC46500492FE9 /* WeatherViewController.swift */,
				ADE9CEF22907C254002EDB9E /* SettingViewController.swift */,
				ADE9CEF92907C39D002EDB9E /* CitiesViewController.swift */,
				AD9CC8BA2976BD8D005EDC26 /* BulletinBoardViewController.swift */,
			);
			path = Controllers;
			sourceTree = "<group>";
		};
		ADB471A828F69635005F8AA5 /* Views */ = {
			isa = PBXGroup;
			children = (
				ADFF81F7293EFED300FB883F /* CitiesListViewCell.swift */,
				AD3BF567298908870090371C /* Logins */,
				ADEB44F6297E991700DD6B55 /* Weathers */,
				ADEB44F7297E993F00DD6B55 /* BulletinBoard */,
			);
			path = Views;
			sourceTree = "<group>";
		};
		ADB471A928F69640005F8AA5 /* Models */ = {
			isa = PBXGroup;
			children = (
				ADAD622A2959752C000BFCF4 /* CoreDataModels */,
				AD386C5E29A3984C00E2E10D /* WeatherModels */,
				AD3BF568298933230090371C /* UserModel.swift */,
				AD386C5C299F6FF800E2E10D /* ChatModel.swift */,
			);
			path = Models;
			sourceTree = "<group>";
		};
		ADE9CEF42907C2F7002EDB9E /* Helpers */ = {
			isa = PBXGroup;
			children = (
				ADE9CEF52907C322002EDB9E /* Constants.swift */,
				AD30F68129373AB400C68732 /* Colors.swift */,
				ADE9CF0E290B9A71002EDB9E /* Dates.swift */,
				AD6FA1E72920AD2E00492FE9 /* UserDefaultsUtil.swift */,
			);
			path = Helpers;
			sourceTree = "<group>";
		};
		ADE9CF072907E4EB002EDB9E /* ViewModels */ = {
			isa = PBXGroup;
			children = (
				ADAD623129697919000BFCF4 /* WeatherKitViewModel.swift */,
				ADAD622B2959C045000BFCF4 /* ColorsViewModel.swift */,
				ADE9CF1529112D32002EDB9E /* SettingViewModel.swift */,
				ADFF81F9293F2CF500FB883F /* CitiesViewModel.swift */,
				AD386C5A299F6E3300E2E10D /* ChatViewModel.swift */,
			);
			path = ViewModels;
			sourceTree = "<group>";
		};
		ADE9CF12290FCE45002EDB9E /* APIs */ = {
			isa = PBXGroup;
			children = (
				AD6FA1E62920AD1800492FE9 /* Network */,
				AD6FA1E52920AD0500492FE9 /* Local */,
			);
			path = APIs;
			sourceTree = "<group>";
		};
		ADEB44F6297E991700DD6B55 /* Weathers */ = {
			isa = PBXGroup;
			children = (
				ADE9CF052907C6B0002EDB9E /* MainView.swift */,
				ADE9CF032907C41D002EDB9E /* TodayWeatherView.swift */,
				ADE9CF012907C40A002EDB9E /* YesterdayWeatherView.swift */,
				ADE9CEFF2907C3F9002EDB9E /* TomorrowWeatherView.swift */,
			);
			path = Weathers;
			sourceTree = "<group>";
		};
		ADEB44F7297E993F00DD6B55 /* BulletinBoard */ = {
			isa = PBXGroup;
			children = (
				AD3BF5612988BE870090371C /* Settings */,
				AD9CC8B829766BF6005EDC26 /* BulletinBoardView.swift */,
				ADEB44F0297D150300DD6B55 /* UserChatCell.swift */,
				ADEB44F2297D152500DD6B55 /* OthersChatCell.swift */,
			);
			path = BulletinBoard;
			sourceTree = "<group>";
		};
/* End PBXGroup section */

/* Begin PBXNativeTarget section */
		ADB4718C28F69615005F8AA5 /* WeatherAppNational */ = {
			isa = PBXNativeTarget;
			buildConfigurationList = ADB471A428F69616005F8AA5 /* Build configuration list for PBXNativeTarget "WeatherAppNational" */;
			buildPhases = (
				5AF4564EE8558EF9CFF53622 /* [CP] Check Pods Manifest.lock */,
				ADB4718928F69615005F8AA5 /* Sources */,
				ADB4718A28F69615005F8AA5 /* Frameworks */,
				ADB4718B28F69615005F8AA5 /* Resources */,
				493F1D642CF0971664B44321 /* [CP] Embed Pods Frameworks */,
				AD386C57299A16AA00E2E10D /* ShellScript */,
			);
			buildRules = (
			);
			dependencies = (
			);
			name = WeatherAppNational;
			productName = WeatherAppNational;
			productReference = ADB4718D28F69615005F8AA5 /* WeatherAppNational.app */;
			productType = "com.apple.product-type.application";
		};
/* End PBXNativeTarget section */

/* Begin PBXProject section */
		ADB4718528F69615005F8AA5 /* Project object */ = {
			isa = PBXProject;
			attributes = {
				BuildIndependentTargetsInParallel = 1;
				LastSwiftUpdateCheck = 1400;
				LastUpgradeCheck = 1400;
				TargetAttributes = {
					ADB4718C28F69615005F8AA5 = {
						CreatedOnToolsVersion = 14.0.1;
					};
				};
			};
			buildConfigurationList = ADB4718828F69615005F8AA5 /* Build configuration list for PBXProject "WeatherAppNational" */;
			compatibilityVersion = "Xcode 13.0";
			developmentRegion = en;
			hasScannedForEncodings = 0;
			knownRegions = (
				en,
				Base,
			);
			mainGroup = ADB4718428F69615005F8AA5;
			productRefGroup = ADB4718E28F69615005F8AA5 /* Products */;
			projectDirPath = "";
			projectRoot = "";
			targets = (
				ADB4718C28F69615005F8AA5 /* WeatherAppNational */,
			);
		};
/* End PBXProject section */

/* Begin PBXResourcesBuildPhase section */
		ADB4718B28F69615005F8AA5 /* Resources */ = {
			isa = PBXResourcesBuildPhase;
			buildActionMask = 2147483647;
			files = (
				ADB471A028F69616005F8AA5 /* LaunchScreen.storyboard in Resources */,
				ADEB44FB297F9D8300DD6B55 /* APIKeyList.plist in Resources */,
				AD3BF5552986536D0090371C /* GoogleService-Info.plist in Resources */,
				ADB4719D28F69616005F8AA5 /* Assets.xcassets in Resources */,
				AD30F68A2938699200C68732 /* Binggrae-Bold.otf in Resources */,
				ADAD623029696F48000BFCF4 /* LocationDataWithGPS.json in Resources */,
				AD30F6882938698A00C68732 /* Binggrae.otf in Resources */,
				ADFF81EE293C756B00FB883F /* LocationData.json in Resources */,
			);
			runOnlyForDeploymentPostprocessing = 0;
		};
/* End PBXResourcesBuildPhase section */

/* Begin PBXShellScriptBuildPhase section */
		493F1D642CF0971664B44321 /* [CP] Embed Pods Frameworks */ = {
			isa = PBXShellScriptBuildPhase;
			buildActionMask = 2147483647;
			files = (
			);
			inputFileListPaths = (
				"${PODS_ROOT}/Target Support Files/Pods-WeatherAppNational/Pods-WeatherAppNational-frameworks-${CONFIGURATION}-input-files.xcfilelist",
			);
			name = "[CP] Embed Pods Frameworks";
			outputFileListPaths = (
				"${PODS_ROOT}/Target Support Files/Pods-WeatherAppNational/Pods-WeatherAppNational-frameworks-${CONFIGURATION}-output-files.xcfilelist",
			);
			runOnlyForDeploymentPostprocessing = 0;
			shellPath = /bin/sh;
			shellScript = "\"${PODS_ROOT}/Target Support Files/Pods-WeatherAppNational/Pods-WeatherAppNational-frameworks.sh\"\n";
			showEnvVarsInLog = 0;
		};
		5AF4564EE8558EF9CFF53622 /* [CP] Check Pods Manifest.lock */ = {
			isa = PBXShellScriptBuildPhase;
			buildActionMask = 2147483647;
			files = (
			);
			inputFileListPaths = (
			);
			inputPaths = (
				"${PODS_PODFILE_DIR_PATH}/Podfile.lock",
				"${PODS_ROOT}/Manifest.lock",
			);
			name = "[CP] Check Pods Manifest.lock";
			outputFileListPaths = (
			);
			outputPaths = (
				"$(DERIVED_FILE_DIR)/Pods-WeatherAppNational-checkManifestLockResult.txt",
			);
			runOnlyForDeploymentPostprocessing = 0;
			shellPath = /bin/sh;
			shellScript = "diff \"${PODS_PODFILE_DIR_PATH}/Podfile.lock\" \"${PODS_ROOT}/Manifest.lock\" > /dev/null\nif [ $? != 0 ] ; then\n    # print error to STDERR\n    echo \"error: The sandbox is not in sync with the Podfile.lock. Run 'pod install' or update your CocoaPods installation.\" >&2\n    exit 1\nfi\n# This output is used by Xcode 'outputs' to avoid re-running this script phase.\necho \"SUCCESS\" > \"${SCRIPT_OUTPUT_FILE_0}\"\n";
			showEnvVarsInLog = 0;
		};
		AD386C57299A16AA00E2E10D /* ShellScript */ = {
			isa = PBXShellScriptBuildPhase;
			buildActionMask = 2147483647;
			files = (
			);
			inputFileListPaths = (
			);
			inputPaths = (
			);
			outputFileListPaths = (
			);
			outputPaths = (
			);
			runOnlyForDeploymentPostprocessing = 0;
			shellPath = /bin/sh;
			shellScript = "
";
		};
/* End PBXShellScriptBuildPhase section */

/* Begin PBXSourcesBuildPhase section */
		ADB4718928F69615005F8AA5 /* Sources */ = {
			isa = PBXSourcesBuildPhase;
			buildActionMask = 2147483647;
			files = (
				ADFF81F1293C775900FB883F /* LocationGrid+CoreDataClass.swift in Sources */,
				AD9CE3A429C1B5B100AC5A37 /* Extensions.swift in Sources */,
				ADB471AD28F8006B005F8AA5 /* WeatherDataManager.swift in Sources */,
				ADB4719528F69615005F8AA5 /* MainPageViewController.swift in Sources */,
				AD386C5D299F6FF800E2E10D /* ChatModel.swift in Sources */,
				AD6FA1E82920AD2E00492FE9 /* UserDefaultsUtil.swift in Sources */,
				AD3BF54B2984EB8C0090371C /* LoginView.swift in Sources */,
				ADB471AB28F705BF005F8AA5 /* WeatherDataModel.swift in Sources */,
				AD3BF5602988B55D0090371C /* ProfileCell.swift in Sources */,
				AD30F68C29386CE400C68732 /* DefaultFontChange.swift in Sources */,
				AD6FA1EA2920ADBB00492FE9 /* CityModel.swift in Sources */,
				ADE9CEFA2907C39D002EDB9E /* CitiesViewController.swift in Sources */,
				ADEB44F1297D150300DD6B55 /* UserChatCell.swift in Sources */,
				ADEB44FE297FAA2F00DD6B55 /* WeatherAppNational++Bundle.swift in Sources */,
				ADE9CF002907C3F9002EDB9E /* TomorrowWeatherView.swift in Sources */,
				ADD43DB1294C2B64000DE026 /* TouchableOpacityImageView.swift in Sources */,
				ADE9CF042907C41D002EDB9E /* TodayWeatherView.swift in Sources */,
				ADD43DB3294C2B9F000DE026 /* OpacityTapGestureRecognizer.swift in Sources */,
				ADFF81F2293C775900FB883F /* LocationGrid+CoreDataProperties.swift in Sources */,
				AD30F68229373AB400C68732 /* Colors.swift in Sources */,
				ADFF81F4293C785B00FB883F /* CoreDataManager.swift in Sources */,
				AD3BF5642989073E0090371C /* LoginInfoViewController.swift in Sources */,
				AD9CE3A629C1DE7500AC5A37 /* LoadingIndicator.swift in Sources */,
				ADB4719128F69615005F8AA5 /* AppDelegate.swift in Sources */,
				AD3BF55E29879F550090371C /* ViewByLoginManager.swift in Sources */,
				AD9CC8BB2976BD8D005EDC26 /* BulletinBoardViewController.swift in Sources */,
				AD3EB6D12997C76900F4B9ED /* ScreenUtil.swift in Sources */,
				ADE9CEFE2907C3E2002EDB9E /* SettingViewCell.swift in Sources */,
				ADE9CF14290FCE66002EDB9E /* ConvertXY.swift in Sources */,
				ADD43DB5294C2BEA000DE026 /* TouchableOpacityView.swift in Sources */,
				ADE9CEF62907C322002EDB9E /* Constants.swift in Sources */,
				AD3BF55C29877D970090371C /* FirebaseAuthentication.swift in Sources */,
				AD3BF569298933230090371C /* UserModel.swift in Sources */,
				ADEB44F3297D152500DD6B55 /* OthersChatCell.swift in Sources */,
				ADAD623229697919000BFCF4 /* WeatherKitViewModel.swift in Sources */,
				ADE9CF1629112D32002EDB9E /* SettingViewModel.swift in Sources */,
				ADFF81F6293C7AF700FB883F /* LocationGridModel.swift in Sources */,
				ADE9CF062907C6B0002EDB9E /* MainView.swift in Sources */,
				ADB4719B28F69615005F8AA5 /* WeatherAppNational.xcdatamodeld in Sources */,
				ADFF81FA293F2CF500FB883F /* CitiesViewModel.swift in Sources */,
				ADB4719328F69615005F8AA5 /* SceneDelegate.swift in Sources */,
				ADE9CF18291550E5002EDB9E /* CustomWeatherService.swift in Sources */,
				AD6FA1DE291939B400492FE9 /* Observer.swift in Sources */,
				ADFF81F8293EFED300FB883F /* CitiesListViewCell.swift in Sources */,
				ADE9CF0F290B9A71002EDB9E /* Dates.swift in Sources */,
				ADAD6235296AD855000BFCF4 /* WeatherKitModel.swift in Sources */,
				AD6FA1E2291FC46500492FE9 /* WeatherViewController.swift in Sources */,
				AD3BF5512984FC430090371C /* LoginViewController.swift in Sources */,
				AD6FA1E029193A0700492FE9 /* Subscriber.swift in Sources */,
				AD9CC8B929766BF6005EDC26 /* BulletinBoardView.swift in Sources */,
				ADAD622C2959C045000BFCF4 /* ColorsViewModel.swift in Sources */,
				ADE9CF022907C40A002EDB9E /* YesterdayWeatherView.swift in Sources */,
				ADE9CEF32907C254002EDB9E /* SettingViewController.swift in Sources */,
				AD386C5B299F6E3300E2E10D /* ChatViewModel.swift in Sources */,
				AD3BF566298907FE0090371C /* LoginInfoView.swift in Sources */,
			);
			runOnlyForDeploymentPostprocessing = 0;
		};
/* End PBXSourcesBuildPhase section */

/* Begin PBXVariantGroup section */
		ADB4719E28F69616005F8AA5 /* LaunchScreen.storyboard */ = {
			isa = PBXVariantGroup;
			children = (
				ADB4719F28F69616005F8AA5 /* Base */,
			);
			name = LaunchScreen.storyboard;
			sourceTree = "<group>";
		};
/* End PBXVariantGroup section */

/* Begin XCBuildConfiguration section */
		ADB471A228F69616005F8AA5 /* Debug */ = {
			isa = XCBuildConfiguration;
			buildSettings = {
				ALWAYS_SEARCH_USER_PATHS = NO;
				CLANG_ANALYZER_NONNULL = YES;
				CLANG_ANALYZER_NUMBER_OBJECT_CONVERSION = YES_AGGRESSIVE;
				CLANG_CXX_LANGUAGE_STANDARD = "gnu++20";
				CLANG_ENABLE_MODULES = YES;
				CLANG_ENABLE_OBJC_ARC = YES;
				CLANG_ENABLE_OBJC_WEAK = YES;
				CLANG_WARN_BLOCK_CAPTURE_AUTORELEASING = YES;
				CLANG_WARN_BOOL_CONVERSION = YES;
				CLANG_WARN_COMMA = YES;
				CLANG_WARN_CONSTANT_CONVERSION = YES;
				CLANG_WARN_DEPRECATED_OBJC_IMPLEMENTATIONS = YES;
				CLANG_WARN_DIRECT_OBJC_ISA_USAGE = YES_ERROR;
				CLANG_WARN_DOCUMENTATION_COMMENTS = YES;
				CLANG_WARN_EMPTY_BODY = YES;
				CLANG_WARN_ENUM_CONVERSION = YES;
				CLANG_WARN_INFINITE_RECURSION = YES;
				CLANG_WARN_INT_CONVERSION = YES;
				CLANG_WARN_NON_LITERAL_NULL_CONVERSION = YES;
				CLANG_WARN_OBJC_IMPLICIT_RETAIN_SELF = YES;
				CLANG_WARN_OBJC_LITERAL_CONVERSION = YES;
				CLANG_WARN_OBJC_ROOT_CLASS = YES_ERROR;
				CLANG_WARN_QUOTED_INCLUDE_IN_FRAMEWORK_HEADER = YES;
				CLANG_WARN_RANGE_LOOP_ANALYSIS = YES;
				CLANG_WARN_STRICT_PROTOTYPES = YES;
				CLANG_WARN_SUSPICIOUS_MOVE = YES;
				CLANG_WARN_UNGUARDED_AVAILABILITY = YES_AGGRESSIVE;
				CLANG_WARN_UNREACHABLE_CODE = YES;
				CLANG_WARN__DUPLICATE_METHOD_MATCH = YES;
				COPY_PHASE_STRIP = NO;
				DEBUG_INFORMATION_FORMAT = dwarf;
				ENABLE_STRICT_OBJC_MSGSEND = YES;
				ENABLE_TESTABILITY = YES;
				GCC_C_LANGUAGE_STANDARD = gnu11;
				GCC_DYNAMIC_NO_PIC = NO;
				GCC_NO_COMMON_BLOCKS = YES;
				GCC_OPTIMIZATION_LEVEL = 0;
				GCC_PREPROCESSOR_DEFINITIONS = (
					"DEBUG=1",
					"$(inherited)",
				);
				GCC_WARN_64_TO_32_BIT_CONVERSION = YES;
				GCC_WARN_ABOUT_RETURN_TYPE = YES_ERROR;
				GCC_WARN_UNDECLARED_SELECTOR = YES;
				GCC_WARN_UNINITIALIZED_AUTOS = YES_AGGRESSIVE;
				GCC_WARN_UNUSED_FUNCTION = YES;
				GCC_WARN_UNUSED_VARIABLE = YES;
				IPHONEOS_DEPLOYMENT_TARGET = 16.0;
				MTL_ENABLE_DEBUG_INFO = INCLUDE_SOURCE;
				MTL_FAST_MATH = YES;
				ONLY_ACTIVE_ARCH = YES;
				SDKROOT = iphoneos;
				SWIFT_ACTIVE_COMPILATION_CONDITIONS = DEBUG;
				SWIFT_OPTIMIZATION_LEVEL = "-Onone";
			};
			name = Debug;
		};
		ADB471A328F69616005F8AA5 /* Release */ = {
			isa = XCBuildConfiguration;
			buildSettings = {
				ALWAYS_SEARCH_USER_PATHS = NO;
				CLANG_ANALYZER_NONNULL = YES;
				CLANG_ANALYZER_NUMBER_OBJECT_CONVERSION = YES_AGGRESSIVE;
				CLANG_CXX_LANGUAGE_STANDARD = "gnu++20";
				CLANG_ENABLE_MODULES = YES;
				CLANG_ENABLE_OBJC_ARC = YES;
				CLANG_ENABLE_OBJC_WEAK = YES;
				CLANG_WARN_BLOCK_CAPTURE_AUTORELEASING = YES;
				CLANG_WARN_BOOL_CONVERSION = YES;
				CLANG_WARN_COMMA = YES;
				CLANG_WARN_CONSTANT_CONVERSION = YES;
				CLANG_WARN_DEPRECATED_OBJC_IMPLEMENTATIONS = YES;
				CLANG_WARN_DIRECT_OBJC_ISA_USAGE = YES_ERROR;
				CLANG_WARN_DOCUMENTATION_COMMENTS = YES;
				CLANG_WARN_EMPTY_BODY = YES;
				CLANG_WARN_ENUM_CONVERSION = YES;
				CLANG_WARN_INFINITE_RECURSION = YES;
				CLANG_WARN_INT_CONVERSION = YES;
				CLANG_WARN_NON_LITERAL_NULL_CONVERSION = YES;
				CLANG_WARN_OBJC_IMPLICIT_RETAIN_SELF = YES;
				CLANG_WARN_OBJC_LITERAL_CONVERSION = YES;
				CLANG_WARN_OBJC_ROOT_CLASS = YES_ERROR;
				CLANG_WARN_QUOTED_INCLUDE_IN_FRAMEWORK_HEADER = YES;
				CLANG_WARN_RANGE_LOOP_ANALYSIS = YES;
				CLANG_WARN_STRICT_PROTOTYPES = YES;
				CLANG_WARN_SUSPICIOUS_MOVE = YES;
				CLANG_WARN_UNGUARDED_AVAILABILITY = YES_AGGRESSIVE;
				CLANG_WARN_UNREACHABLE_CODE = YES;
				CLANG_WARN__DUPLICATE_METHOD_MATCH = YES;
				COPY_PHASE_STRIP = NO;
				DEBUG_INFORMATION_FORMAT = "dwarf-with-dsym";
				ENABLE_NS_ASSERTIONS = NO;
				ENABLE_STRICT_OBJC_MSGSEND = YES;
				GCC_C_LANGUAGE_STANDARD = gnu11;
				GCC_NO_COMMON_BLOCKS = YES;
				GCC_WARN_64_TO_32_BIT_CONVERSION = YES;
				GCC_WARN_ABOUT_RETURN_TYPE = YES_ERROR;
				GCC_WARN_UNDECLARED_SELECTOR = YES;
				GCC_WARN_UNINITIALIZED_AUTOS = YES_AGGRESSIVE;
				GCC_WARN_UNUSED_FUNCTION = YES;
				GCC_WARN_UNUSED_VARIABLE = YES;
				IPHONEOS_DEPLOYMENT_TARGET = 16.0;
				MTL_ENABLE_DEBUG_INFO = NO;
				MTL_FAST_MATH = YES;
				SDKROOT = iphoneos;
				SWIFT_COMPILATION_MODE = wholemodule;
				SWIFT_OPTIMIZATION_LEVEL = "-O";
				VALIDATE_PRODUCT = YES;
			};
			name = Release;
		};
		ADB471A528F69616005F8AA5 /* Debug */ = {
			isa = XCBuildConfiguration;
			baseConfigurationReference = 378B9ED1A1003F8475999FF8 /* Pods-WeatherAppNational.debug.xcconfig */;
			buildSettings = {
				ASSETCATALOG_COMPILER_APPICON_NAME = AppIcon;
				ASSETCATALOG_COMPILER_GLOBAL_ACCENT_COLOR_NAME = AccentColor;
				CODE_SIGN_ENTITLEMENTS = WeatherAppNational/WeatherAppNational.entitlements;
				CODE_SIGN_STYLE = Automatic;
				CURRENT_PROJECT_VERSION = 1;
				DEVELOPMENT_TEAM = 68YVCN8TF9;
				GENERATE_INFOPLIST_FILE = YES;
				INFOPLIST_FILE = WeatherAppNational/Info.plist;
				INFOPLIST_KEY_NSLocationWhenInUseUsageDescription = "\"현재위치 정보를 이용하여 날씨 데이터를 수신합니다.\"";
				INFOPLIST_KEY_UIApplicationSupportsIndirectInputEvents = YES;
				INFOPLIST_KEY_UILaunchStoryboardName = LaunchScreen;
				INFOPLIST_KEY_UISupportedInterfaceOrientations = UIInterfaceOrientationPortrait;
				INFOPLIST_KEY_UISupportedInterfaceOrientations_iPad = "UIInterfaceOrientationLandscapeLeft UIInterfaceOrientationLandscapeRight UIInterfaceOrientationPortrait UIInterfaceOrientationPortraitUpsideDown";
				IPHONEOS_DEPLOYMENT_TARGET = 16.0;
				LD_RUNPATH_SEARCH_PATHS = (
					"$(inherited)",
					"@executable_path/Frameworks",
				);
				MARKETING_VERSION = 1.1.2;
				PRODUCT_BUNDLE_IDENTIFIER = none.WeatherAppNational;
				PRODUCT_NAME = "$(TARGET_NAME)";
				SUPPORTED_PLATFORMS = "iphoneos iphonesimulator";
				SUPPORTS_MACCATALYST = NO;
				SUPPORTS_MAC_DESIGNED_FOR_IPHONE_IPAD = YES;
				SWIFT_EMIT_LOC_STRINGS = YES;
				SWIFT_VERSION = 5.0;
				TARGETED_DEVICE_FAMILY = 1;
			};
			name = Debug;
		};
		ADB471A628F69616005F8AA5 /* Release */ = {
			isa = XCBuildConfiguration;
			baseConfigurationReference = 0F17F5053BC621A963B4D9B8 /* Pods-WeatherAppNational.release.xcconfig */;
			buildSettings = {
				ASSETCATALOG_COMPILER_APPICON_NAME = AppIcon;
				ASSETCATALOG_COMPILER_GLOBAL_ACCENT_COLOR_NAME = AccentColor;
				CODE_SIGN_ENTITLEMENTS = WeatherAppNational/WeatherAppNational.entitlements;
				CODE_SIGN_STYLE = Automatic;
				CURRENT_PROJECT_VERSION = 1;
				DEVELOPMENT_TEAM = 68YVCN8TF9;
				GENERATE_INFOPLIST_FILE = YES;
				INFOPLIST_FILE = WeatherAppNational/Info.plist;
				INFOPLIST_KEY_NSLocationWhenInUseUsageDescription = "\"현재위치 정보를 이용하여 날씨 데이터를 수신합니다.\"";
				INFOPLIST_KEY_UIApplicationSupportsIndirectInputEvents = YES;
				INFOPLIST_KEY_UILaunchStoryboardName = LaunchScreen;
				INFOPLIST_KEY_UISupportedInterfaceOrientations = UIInterfaceOrientationPortrait;
				INFOPLIST_KEY_UISupportedInterfaceOrientations_iPad = "UIInterfaceOrientationLandscapeLeft UIInterfaceOrientationLandscapeRight UIInterfaceOrientationPortrait UIInterfaceOrientationPortraitUpsideDown";
				IPHONEOS_DEPLOYMENT_TARGET = 16.0;
				LD_RUNPATH_SEARCH_PATHS = (
					"$(inherited)",
					"@executable_path/Frameworks",
				);
				MARKETING_VERSION = 1.1.2;
				PRODUCT_BUNDLE_IDENTIFIER = none.WeatherAppNational;
				PRODUCT_NAME = "$(TARGET_NAME)";
				SUPPORTED_PLATFORMS = "iphoneos iphonesimulator";
				SUPPORTS_MACCATALYST = NO;
				SUPPORTS_MAC_DESIGNED_FOR_IPHONE_IPAD = YES;
				SWIFT_EMIT_LOC_STRINGS = YES;
				SWIFT_VERSION = 5.0;
				TARGETED_DEVICE_FAMILY = 1;
			};
			name = Release;
		};
/* End XCBuildConfiguration section */

/* Begin XCConfigurationList section */
		ADB4718828F69615005F8AA5 /* Build configuration list for PBXProject "WeatherAppNational" */ = {
			isa = XCConfigurationList;
			buildConfigurations = (
				ADB471A228F69616005F8AA5 /* Debug */,
				ADB471A328F69616005F8AA5 /* Release */,
			);
			defaultConfigurationIsVisible = 0;
			defaultConfigurationName = Release;
		};
		ADB471A428F69616005F8AA5 /* Build configuration list for PBXNativeTarget "WeatherAppNational" */ = {
			isa = XCConfigurationList;
			buildConfigurations = (
				ADB471A528F69616005F8AA5 /* Debug */,
				ADB471A628F69616005F8AA5 /* Release */,
			);
			defaultConfigurationIsVisible = 0;
			defaultConfigurationName = Release;
		};
/* End XCConfigurationList section */

/* Begin XCVersionGroup section */
		ADB4719928F69615005F8AA5 /* WeatherAppNational.xcdatamodeld */ = {
			isa = XCVersionGroup;
			children = (
				ADB4719A28F69615005F8AA5 /* WeatherAppNational.xcdatamodel */,
			);
			currentVersion = ADB4719A28F69615005F8AA5 /* WeatherAppNational.xcdatamodel */;
			path = WeatherAppNational.xcdatamodeld;
			sourceTree = "<group>";
			versionGroupType = wrapper.xcdatamodel;
		};
/* End XCVersionGroup section */
	};
	rootObject = ADB4718528F69615005F8AA5 /* Project object */;
}
