PODS:
  - CoreXLSX (0.14.1):
    - XMLCoder (~> 0.11.1)
    - ZIPFoundation (~> 0.9.11)
  - XMLCoder (0.11.1)
  - ZIPFoundation (0.9.15)

DEPENDENCIES:
  - CoreXLSX (~> 0.14.1)

SPEC REPOS:
  trunk:
    - CoreXLSX
    - XMLCoder
    - ZIPFoundation

SPEC CHECKSUMS:
  CoreXLSX: f9a7a70b509150ceb675b05877b7ac041a587030
  XMLCoder: c4638336674de7ba279cd23f2005817d69f538e0
  ZIPFoundation: 063163dc828bf699c5be160eb4f58f676322d94f

PODFILE CHECKSUM: 4e95d4c635a02f38be3a968deb988c8bc81f5824

COCOAPODS: 1.11.3
